
Microsoft Visual Studio Solution File, Format Version 12.00
# Visual Studio Version 17
VisualStudioVersion = 17.9.34728.123
MinimumVisualStudioVersion = 10.0.40219.1
Project("{FAE04EC0-301F-11D3-BF4B-00C04F79EFBC}") = "Methods class", "Methods class.csproj", "{B67CC43C-B36C-4110-9531-E7F3AD857732}"
EndProject
Global
	GlobalSection(SolutionConfigurationPlatforms) = preSolution
		Debug|Any CPU = Debug|Any CPU
		Release|Any CPU = Release|Any CPU
	EndGlobalSection
	GlobalSection(ProjectConfigurationPlatforms) = postSolution
		{B67CC43C-B36C-4110-9531-E7F3AD857732}.Debug|Any CPU.ActiveCfg = Debug|Any CPU
		{B67CC43C-B36C-4110-9531-E7F3AD857732}.Debug|Any CPU.Build.0 = Debug|Any CPU
		{B67CC43C-B36C-4110-9531-E7F3AD857732}.Release|Any CPU.ActiveCfg = Release|Any CPU
		{B67CC43C-B36C-4110-9531-E7F3AD857732}.Release|Any CPU.Build.0 = Release|Any CPU
	EndGlobalSection
	GlobalSection(SolutionProperties) = preSolution
		HideSolutionNode = FALSE
	EndGlobalSection
	GlobalSection(ExtensibilityGlobals) = postSolution
		SolutionGuid = {FB7FA90F-161F-47F9-A4C9-CAAF2F7DB092}
	EndGlobalSection
EndGlobal
